# THIS IS AN AUTOGENERATED FILE. DO NOT EDIT THIS FILE DIRECTLY
# generate-deploy.lock

version: 2.1.1
commit_hash: d2f39b01af670b33aff7c3fbc4e49adcacc74e76
tree:
  name: deploy
  children:
    - name: .gitignore
      size: 8
      extension: ''
      type: file
      hash: 8dd98ed4e7c19988e7e6bb157d779af60ee70761
      relative: ./.gitignore
    - name: deploy.sh
      size: 2040
      extension: .sh
      type: file
      hash: cac9ffbb1fca2691f652a76e577aa87c0130e7cf
      relative: ./deploy.sh
    - name: giggy-tracker-api-deployment.yaml
      size: 580
      extension: .yaml
      type: file
      hash: a98865b362f7ea3c3d9dff19de42429470abd854
      relative: ./giggy-tracker-api-deployment.yaml
    - name: giggy-tracker-prod
      children:
        - name: giggy-tracker-api-service.yaml
          size: 674
          extension: .yaml
          type: file
          hash: 58d48c7d28f52e3d617e693ae5dcd9c8ad22d172
          relative: ./giggy-tracker-prod/giggy-tracker-api-service.yaml
      size: 674
      type: directory
    - name: giggy-tracker-staging
      children:
        - name: giggy-tracker-api-service.yaml
          size: 677
          extension: .yaml
          type: file
          hash: bb3cc2ef433f55ed9f3898eddb81830b71836a32
          relative: ./giggy-tracker-staging/giggy-tracker-api-service.yaml
      size: 677
      type: directory
    - name: terraform
      children:
        - name: base.tf
          size: 237
          extension: .tf
          type: file
          hash: aa0eb64a860552cdaaf54f8cba634efc0e513a36
          relative: ./terraform/base.tf
        - name: ecr.tf
          size: 86
          extension: .tf
          type: file
          hash: 0b834d1f92428881544003bfc078839b55d2d7b3
          relative: ./terraform/ecr.tf
      size: 323
      type: directory
  size: 4302
  type: directory
